
Microsoft Visual Studio Solution File, Format Version 12.00
# Visual Studio Version 17
VisualStudioVersion = 17.3.32929.385
MinimumVisualStudioVersion = 10.0.40219.1
Project("{FAE04EC0-301F-11D3-BF4B-00C04F79EFBC}") = "Metoder inllämninsuppgift 6.4", "Metoder inllämninsuppgift 6.4\Metoder inllämninsuppgift 6.4.csproj", "{554DA6ED-1EE6-434C-9C8C-6418D9C5C764}"
EndProject
Global
	GlobalSection(SolutionConfigurationPlatforms) = preSolution
		Debug|Any CPU = Debug|Any CPU
		Release|Any CPU = Release|Any CPU
	EndGlobalSection
	GlobalSection(ProjectConfigurationPlatforms) = postSolution
		{554DA6ED-1EE6-434C-9C8C-6418D9C5C764}.Debug|Any CPU.ActiveCfg = Debug|Any CPU
		{554DA6ED-1EE6-434C-9C8C-6418D9C5C764}.Debug|Any CPU.Build.0 = Debug|Any CPU
		{554DA6ED-1EE6-434C-9C8C-6418D9C5C764}.Release|Any CPU.ActiveCfg = Release|Any CPU
		{554DA6ED-1EE6-434C-9C8C-6418D9C5C764}.Release|Any CPU.Build.0 = Release|Any CPU
	EndGlobalSection
	GlobalSection(SolutionProperties) = preSolution
		HideSolutionNode = FALSE
	EndGlobalSection
	GlobalSection(ExtensibilityGlobals) = postSolution
		SolutionGuid = {0F519B5D-6A73-487C-B409-17FFB0E9C366}
	EndGlobalSection
EndGlobal
